
Microsoft Visual Studio Solution File, Format Version 12.00
# Visual Studio Version 17
VisualStudioVersion = 17.0.31903.59
MinimumVisualStudioVersion = 10.0.40219.1
Project("{9A19103F-16F7-4668-BE54-9A1E7A4F7556}") = "Tyuiu.DyakovMS.Sprint3.Task0.V22.Lib", "Tyuiu.DyakovMS.Sprint3.Task0.V22.Lib\Tyuiu.DyakovMS.Sprint3.Task0.V22.Lib.csproj", "{E459C75A-C880-4899-9D49-9D20E2C8CA21}"
EndProject
Project("{9A19103F-16F7-4668-BE54-9A1E7A4F7556}") = "Tyuiu.DyakovMS.Sprint3.Task0.V22", "Tyuiu.DyakovMS.Sprint3.Task0.V22\Tyuiu.DyakovMS.Sprint3.Task0.V22.csproj", "{AA89E614-A79D-4F80-BF16-49363D7F4B1A}"
EndProject
Project("{9A19103F-16F7-4668-BE54-9A1E7A4F7556}") = "Tyuiu.DyakovMS.Sprint3.Task0.V22.Test", "Tyuiu.DyakovMS.Sprint3.Task0.V22.Test\Tyuiu.DyakovMS.Sprint3.Task0.V22.Test.csproj", "{90E16D8B-93E0-4FF4-A7B5-F5CD9EC8EB64}"
EndProject
Project("{9A19103F-16F7-4668-BE54-9A1E7A4F7556}") = "Tyuiu.DyakovMS.Sprint3.Task1.V29.Lib", "Tyuiu.DyakovMS.Sprint3.Task1.V29.Lib\Tyuiu.DyakovMS.Sprint3.Task1.V29.Lib.csproj", "{6390630D-CE70-49C8-B37A-551A281BB02D}"
EndProject
Project("{9A19103F-16F7-4668-BE54-9A1E7A4F7556}") = "Tyuiu.DyakovMS.Sprint3.Task1.V29", "Tyuiu.DyakovMS.Sprint3.Task1.V29\Tyuiu.DyakovMS.Sprint3.Task1.V29.csproj", "{CBF96216-0165-4F1E-A7F8-F7ACCFB2A089}"
EndProject
Project("{9A19103F-16F7-4668-BE54-9A1E7A4F7556}") = "Tyuiu.DyakovMS.Sprint3.Task1.V29.Test", "Tyuiu.DyakovMS.Sprint3.Task1.V29.Test\Tyuiu.DyakovMS.Sprint3.Task1.V29.Test.csproj", "{622FB6B1-D5DE-4E7B-B5A9-D87151320D21}"
EndProject
Project("{2150E333-8FDC-42A3-9474-1A3956D46DE8}") = "Task0", "Task0", "{FF0F1CCA-A03B-49CB-BB10-2F626D94BDD1}"
EndProject
Project("{2150E333-8FDC-42A3-9474-1A3956D46DE8}") = "Task1", "Task1", "{FB367212-B78C-446A-B676-FB5ABFC8AA66}"
EndProject
Project("{9A19103F-16F7-4668-BE54-9A1E7A4F7556}") = "Tyuiu.DyakovMS.Sprint3.Task2.V14.Lib", "Tyuiu.DyakovMS.Sprint3.Task2.V14.Lib\Tyuiu.DyakovMS.Sprint3.Task2.V14.Lib.csproj", "{87526533-F920-4C6C-BAA4-CA924810E8E8}"
EndProject
Project("{9A19103F-16F7-4668-BE54-9A1E7A4F7556}") = "Tyuiu.DyakovMS.Sprint3.Task2.V14", "Tyuiu.DyakovMS.Sprint3.Task2.V14\Tyuiu.DyakovMS.Sprint3.Task2.V14.csproj", "{17BBD20B-F5C1-4A5A-9705-3FC1AA5B1479}"
EndProject
Project("{9A19103F-16F7-4668-BE54-9A1E7A4F7556}") = "Tyuiu.DyakovMS.Sprint3.Task2.V14.Test", "Tyuiu.DyakovMS.Sprint3.Task2.V14.Test\Tyuiu.DyakovMS.Sprint3.Task2.V14.Test.csproj", "{7A0D7208-DB90-49C3-8AB5-D757E31EABA9}"
EndProject
Project("{2150E333-8FDC-42A3-9474-1A3956D46DE8}") = "Task2", "Task2", "{8E64F0C1-1ED2-48F6-8640-5FCFAC966DFE}"
EndProject
Project("{9A19103F-16F7-4668-BE54-9A1E7A4F7556}") = "Tyuiu.DyakovMS.Sprint3.Task3.V24.Lib", "Tyuiu.DyakovMS.Sprint3.Task3.V24.Lib\Tyuiu.DyakovMS.Sprint3.Task3.V24.Lib.csproj", "{D3D13D61-7A52-463F-A1E7-E67A140A11FB}"
EndProject
Project("{9A19103F-16F7-4668-BE54-9A1E7A4F7556}") = "Tyuiu.DyakovMS.Sprint3.Task3.V24", "Tyuiu.DyakovMS.Sprint3.Task3.V24\Tyuiu.DyakovMS.Sprint3.Task3.V24.csproj", "{1D89DD30-6AC7-4360-AEE6-692E25366F98}"
EndProject
Project("{9A19103F-16F7-4668-BE54-9A1E7A4F7556}") = "Tyuiu.DyakovMS.Sprint3.Task3.V24.Test", "Tyuiu.DyakovMS.Sprint3.Task3.V24.Test\Tyuiu.DyakovMS.Sprint3.Task3.V24.Test.csproj", "{663ABD8C-F011-40A8-A853-F4C4C365BB3A}"
EndProject
Project("{2150E333-8FDC-42A3-9474-1A3956D46DE8}") = "Task3", "Task3", "{567C64BD-9DC4-4F00-A769-C3533FCAEC16}"
EndProject
Project("{9A19103F-16F7-4668-BE54-9A1E7A4F7556}") = "Tyuiu.DyakovMS.Sprint3.Task4.V2.Lib", "Tyuiu.DyakovMS.Sprint3.Task4.V2.Lib\Tyuiu.DyakovMS.Sprint3.Task4.V2.Lib.csproj", "{E2228ABE-0984-49BA-921A-0A3CE5B532E7}"
EndProject
Project("{9A19103F-16F7-4668-BE54-9A1E7A4F7556}") = "Tyuiu.DyakovMS.Sprint3.Task4.V2", "Tyuiu.DyakovMS.Sprint3.Task4.V2\Tyuiu.DyakovMS.Sprint3.Task4.V2.csproj", "{0112C306-69E3-44ED-8945-6A7A941AD9A8}"
EndProject
Project("{9A19103F-16F7-4668-BE54-9A1E7A4F7556}") = "Tyuiu.DyakovMS.Sprint3.Task4.V2.Test", "Tyuiu.DyakovMS.Sprint3.Task4.V2.Test\Tyuiu.DyakovMS.Sprint3.Task4.V2.Test.csproj", "{4CF13248-00C4-49A5-B7C0-D1F00D20EAC5}"
EndProject
Project("{2150E333-8FDC-42A3-9474-1A3956D46DE8}") = "Task4", "Task4", "{48D521AA-A0FB-407D-A516-DF9A10137343}"
EndProject
Project("{9A19103F-16F7-4668-BE54-9A1E7A4F7556}") = "Tyuiu.DyakovMS.Sprint3.Task5.V13.Lib", "Tyuiu.DyakovMS.Sprint3.Task5.V13.Lib\Tyuiu.DyakovMS.Sprint3.Task5.V13.Lib.csproj", "{47E4E670-7536-435E-B684-28E7D1EC8BA1}"
EndProject
Project("{9A19103F-16F7-4668-BE54-9A1E7A4F7556}") = "Tyuiu.DyakovMS.Sprint3.Task5.V13", "Tyuiu.DyakovMS.Sprint3.Task5.V13\Tyuiu.DyakovMS.Sprint3.Task5.V13.csproj", "{5BFCDD91-0BCF-47D1-8483-049BA6BBC7C0}"
EndProject
Project("{9A19103F-16F7-4668-BE54-9A1E7A4F7556}") = "Tyuiu.DyakovMS.Sprint3.Task5.V13.Test", "Tyuiu.DyakovMS.Sprint3.Task5.V13.Test\Tyuiu.DyakovMS.Sprint3.Task5.V13.Test.csproj", "{6F040842-7B0F-45FD-B396-6E04C4044A7E}"
EndProject
Project("{2150E333-8FDC-42A3-9474-1A3956D46DE8}") = "Task5", "Task5", "{7BC973AF-20B2-4631-B4ED-72B94FE56CE0}"
EndProject
Project("{9A19103F-16F7-4668-BE54-9A1E7A4F7556}") = "Tyuiu.DyakovMS.Sprint3.Task6.V18.Lib", "Tyuiu.DyakovMS.Sprint3.Task6.V18.Lib\Tyuiu.DyakovMS.Sprint3.Task6.V18.Lib.csproj", "{B7192333-9222-4FCC-813E-0BF82DD988BB}"
EndProject
Project("{9A19103F-16F7-4668-BE54-9A1E7A4F7556}") = "Tyuiu.DyakovMS.Sprint3.Task6.V18", "Tyuiu.DyakovMS.Sprint3.Task6.V18\Tyuiu.DyakovMS.Sprint3.Task6.V18.csproj", "{D810832B-1C1E-40E3-AE15-9ED4437D2177}"
EndProject
Project("{9A19103F-16F7-4668-BE54-9A1E7A4F7556}") = "Tyuiu.DyakovMS.Sprint3.Task6.V18.Test", "Tyuiu.DyakovMS.Sprint3.Task6.V18.Test\Tyuiu.DyakovMS.Sprint3.Task6.V18.Test.csproj", "{0196C91D-082A-455F-8C05-6AD37A56FF72}"
EndProject
Project("{2150E333-8FDC-42A3-9474-1A3956D46DE8}") = "Task6", "Task6", "{27CCCD99-EAC8-4116-B2D8-93D04A4532CA}"
EndProject
Global
	GlobalSection(SolutionConfigurationPlatforms) = preSolution
		Debug|Any CPU = Debug|Any CPU
		Release|Any CPU = Release|Any CPU
	EndGlobalSection
	GlobalSection(ProjectConfigurationPlatforms) = postSolution
		{E459C75A-C880-4899-9D49-9D20E2C8CA21}.Debug|Any CPU.ActiveCfg = Debug|Any CPU
		{E459C75A-C880-4899-9D49-9D20E2C8CA21}.Debug|Any CPU.Build.0 = Debug|Any CPU
		{E459C75A-C880-4899-9D49-9D20E2C8CA21}.Release|Any CPU.ActiveCfg = Release|Any CPU
		{E459C75A-C880-4899-9D49-9D20E2C8CA21}.Release|Any CPU.Build.0 = Release|Any CPU
		{AA89E614-A79D-4F80-BF16-49363D7F4B1A}.Debug|Any CPU.ActiveCfg = Debug|Any CPU
		{AA89E614-A79D-4F80-BF16-49363D7F4B1A}.Debug|Any CPU.Build.0 = Debug|Any CPU
		{AA89E614-A79D-4F80-BF16-49363D7F4B1A}.Release|Any CPU.ActiveCfg = Release|Any CPU
		{AA89E614-A79D-4F80-BF16-49363D7F4B1A}.Release|Any CPU.Build.0 = Release|Any CPU
		{90E16D8B-93E0-4FF4-A7B5-F5CD9EC8EB64}.Debug|Any CPU.ActiveCfg = Debug|Any CPU
		{90E16D8B-93E0-4FF4-A7B5-F5CD9EC8EB64}.Debug|Any CPU.Build.0 = Debug|Any CPU
		{90E16D8B-93E0-4FF4-A7B5-F5CD9EC8EB64}.Release|Any CPU.ActiveCfg = Release|Any CPU
		{90E16D8B-93E0-4FF4-A7B5-F5CD9EC8EB64}.Release|Any CPU.Build.0 = Release|Any CPU
		{6390630D-CE70-49C8-B37A-551A281BB02D}.Debug|Any CPU.ActiveCfg = Debug|Any CPU
		{6390630D-CE70-49C8-B37A-551A281BB02D}.Debug|Any CPU.Build.0 = Debug|Any CPU
		{6390630D-CE70-49C8-B37A-551A281BB02D}.Release|Any CPU.ActiveCfg = Release|Any CPU
		{6390630D-CE70-49C8-B37A-551A281BB02D}.Release|Any CPU.Build.0 = Release|Any CPU
		{CBF96216-0165-4F1E-A7F8-F7ACCFB2A089}.Debug|Any CPU.ActiveCfg = Debug|Any CPU
		{CBF96216-0165-4F1E-A7F8-F7ACCFB2A089}.Debug|Any CPU.Build.0 = Debug|Any CPU
		{CBF96216-0165-4F1E-A7F8-F7ACCFB2A089}.Release|Any CPU.ActiveCfg = Release|Any CPU
		{CBF96216-0165-4F1E-A7F8-F7ACCFB2A089}.Release|Any CPU.Build.0 = Release|Any CPU
		{622FB6B1-D5DE-4E7B-B5A9-D87151320D21}.Debug|Any CPU.ActiveCfg = Debug|Any CPU
		{622FB6B1-D5DE-4E7B-B5A9-D87151320D21}.Debug|Any CPU.Build.0 = Debug|Any CPU
		{622FB6B1-D5DE-4E7B-B5A9-D87151320D21}.Release|Any CPU.ActiveCfg = Release|Any CPU
		{622FB6B1-D5DE-4E7B-B5A9-D87151320D21}.Release|Any CPU.Build.0 = Release|Any CPU
		{87526533-F920-4C6C-BAA4-CA924810E8E8}.Debug|Any CPU.ActiveCfg = Debug|Any CPU
		{87526533-F920-4C6C-BAA4-CA924810E8E8}.Debug|Any CPU.Build.0 = Debug|Any CPU
		{87526533-F920-4C6C-BAA4-CA924810E8E8}.Release|Any CPU.ActiveCfg = Release|Any CPU
		{87526533-F920-4C6C-BAA4-CA924810E8E8}.Release|Any CPU.Build.0 = Release|Any CPU
		{17BBD20B-F5C1-4A5A-9705-3FC1AA5B1479}.Debug|Any CPU.ActiveCfg = Debug|Any CPU
		{17BBD20B-F5C1-4A5A-9705-3FC1AA5B1479}.Debug|Any CPU.Build.0 = Debug|Any CPU
		{17BBD20B-F5C1-4A5A-9705-3FC1AA5B1479}.Release|Any CPU.ActiveCfg = Release|Any CPU
		{17BBD20B-F5C1-4A5A-9705-3FC1AA5B1479}.Release|Any CPU.Build.0 = Release|Any CPU
		{7A0D7208-DB90-49C3-8AB5-D757E31EABA9}.Debug|Any CPU.ActiveCfg = Debug|Any CPU
		{7A0D7208-DB90-49C3-8AB5-D757E31EABA9}.Debug|Any CPU.Build.0 = Debug|Any CPU
		{7A0D7208-DB90-49C3-8AB5-D757E31EABA9}.Release|Any CPU.ActiveCfg = Release|Any CPU
		{7A0D7208-DB90-49C3-8AB5-D757E31EABA9}.Release|Any CPU.Build.0 = Release|Any CPU
		{D3D13D61-7A52-463F-A1E7-E67A140A11FB}.Debug|Any CPU.ActiveCfg = Debug|Any CPU
		{D3D13D61-7A52-463F-A1E7-E67A140A11FB}.Debug|Any CPU.Build.0 = Debug|Any CPU
		{D3D13D61-7A52-463F-A1E7-E67A140A11FB}.Release|Any CPU.ActiveCfg = Release|Any CPU
		{D3D13D61-7A52-463F-A1E7-E67A140A11FB}.Release|Any CPU.Build.0 = Release|Any CPU
		{1D89DD30-6AC7-4360-AEE6-692E25366F98}.Debug|Any CPU.ActiveCfg = Debug|Any CPU
		{1D89DD30-6AC7-4360-AEE6-692E25366F98}.Debug|Any CPU.Build.0 = Debug|Any CPU
		{1D89DD30-6AC7-4360-AEE6-692E25366F98}.Release|Any CPU.ActiveCfg = Release|Any CPU
		{1D89DD30-6AC7-4360-AEE6-692E25366F98}.Release|Any CPU.Build.0 = Release|Any CPU
		{663ABD8C-F011-40A8-A853-F4C4C365BB3A}.Debug|Any CPU.ActiveCfg = Debug|Any CPU
		{663ABD8C-F011-40A8-A853-F4C4C365BB3A}.Debug|Any CPU.Build.0 = Debug|Any CPU
		{663ABD8C-F011-40A8-A853-F4C4C365BB3A}.Release|Any CPU.ActiveCfg = Release|Any CPU
		{663ABD8C-F011-40A8-A853-F4C4C365BB3A}.Release|Any CPU.Build.0 = Release|Any CPU
		{E2228ABE-0984-49BA-921A-0A3CE5B532E7}.Debug|Any CPU.ActiveCfg = Debug|Any CPU
		{E2228ABE-0984-49BA-921A-0A3CE5B532E7}.Debug|Any CPU.Build.0 = Debug|Any CPU
		{E2228ABE-0984-49BA-921A-0A3CE5B532E7}.Release|Any CPU.ActiveCfg = Release|Any CPU
		{E2228ABE-0984-49BA-921A-0A3CE5B532E7}.Release|Any CPU.Build.0 = Release|Any CPU
		{0112C306-69E3-44ED-8945-6A7A941AD9A8}.Debug|Any CPU.ActiveCfg = Debug|Any CPU
		{0112C306-69E3-44ED-8945-6A7A941AD9A8}.Debug|Any CPU.Build.0 = Debug|Any CPU
		{0112C306-69E3-44ED-8945-6A7A941AD9A8}.Release|Any CPU.ActiveCfg = Release|Any CPU
		{0112C306-69E3-44ED-8945-6A7A941AD9A8}.Release|Any CPU.Build.0 = Release|Any CPU
		{4CF13248-00C4-49A5-B7C0-D1F00D20EAC5}.Debug|Any CPU.ActiveCfg = Debug|Any CPU
		{4CF13248-00C4-49A5-B7C0-D1F00D20EAC5}.Debug|Any CPU.Build.0 = Debug|Any CPU
		{4CF13248-00C4-49A5-B7C0-D1F00D20EAC5}.Release|Any CPU.ActiveCfg = Release|Any CPU
		{4CF13248-00C4-49A5-B7C0-D1F00D20EAC5}.Release|Any CPU.Build.0 = Release|Any CPU
		{47E4E670-7536-435E-B684-28E7D1EC8BA1}.Debug|Any CPU.ActiveCfg = Debug|Any CPU
		{47E4E670-7536-435E-B684-28E7D1EC8BA1}.Debug|Any CPU.Build.0 = Debug|Any CPU
		{47E4E670-7536-435E-B684-28E7D1EC8BA1}.Release|Any CPU.ActiveCfg = Release|Any CPU
		{47E4E670-7536-435E-B684-28E7D1EC8BA1}.Release|Any CPU.Build.0 = Release|Any CPU
		{5BFCDD91-0BCF-47D1-8483-049BA6BBC7C0}.Debug|Any CPU.ActiveCfg = Debug|Any CPU
		{5BFCDD91-0BCF-47D1-8483-049BA6BBC7C0}.Debug|Any CPU.Build.0 = Debug|Any CPU
		{5BFCDD91-0BCF-47D1-8483-049BA6BBC7C0}.Release|Any CPU.ActiveCfg = Release|Any CPU
		{5BFCDD91-0BCF-47D1-8483-049BA6BBC7C0}.Release|Any CPU.Build.0 = Release|Any CPU
		{6F040842-7B0F-45FD-B396-6E04C4044A7E}.Debug|Any CPU.ActiveCfg = Debug|Any CPU
		{6F040842-7B0F-45FD-B396-6E04C4044A7E}.Debug|Any CPU.Build.0 = Debug|Any CPU
		{6F040842-7B0F-45FD-B396-6E04C4044A7E}.Release|Any CPU.ActiveCfg = Release|Any CPU
		{6F040842-7B0F-45FD-B396-6E04C4044A7E}.Release|Any CPU.Build.0 = Release|Any CPU
		{B7192333-9222-4FCC-813E-0BF82DD988BB}.Debug|Any CPU.ActiveCfg = Debug|Any CPU
		{B7192333-9222-4FCC-813E-0BF82DD988BB}.Debug|Any CPU.Build.0 = Debug|Any CPU
		{B7192333-9222-4FCC-813E-0BF82DD988BB}.Release|Any CPU.ActiveCfg = Release|Any CPU
		{B7192333-9222-4FCC-813E-0BF82DD988BB}.Release|Any CPU.Build.0 = Release|Any CPU
		{D810832B-1C1E-40E3-AE15-9ED4437D2177}.Debug|Any CPU.ActiveCfg = Debug|Any CPU
		{D810832B-1C1E-40E3-AE15-9ED4437D2177}.Debug|Any CPU.Build.0 = Debug|Any CPU
		{D810832B-1C1E-40E3-AE15-9ED4437D2177}.Release|Any CPU.ActiveCfg = Release|Any CPU
		{D810832B-1C1E-40E3-AE15-9ED4437D2177}.Release|Any CPU.Build.0 = Release|Any CPU
		{0196C91D-082A-455F-8C05-6AD37A56FF72}.Debug|Any CPU.ActiveCfg = Debug|Any CPU
		{0196C91D-082A-455F-8C05-6AD37A56FF72}.Debug|Any CPU.Build.0 = Debug|Any CPU
		{0196C91D-082A-455F-8C05-6AD37A56FF72}.Release|Any CPU.ActiveCfg = Release|Any CPU
		{0196C91D-082A-455F-8C05-6AD37A56FF72}.Release|Any CPU.Build.0 = Release|Any CPU
	EndGlobalSection
	GlobalSection(SolutionProperties) = preSolution
		HideSolutionNode = FALSE
	EndGlobalSection
	GlobalSection(NestedProjects) = preSolution
		{E459C75A-C880-4899-9D49-9D20E2C8CA21} = {FF0F1CCA-A03B-49CB-BB10-2F626D94BDD1}
		{AA89E614-A79D-4F80-BF16-49363D7F4B1A} = {FF0F1CCA-A03B-49CB-BB10-2F626D94BDD1}
		{90E16D8B-93E0-4FF4-A7B5-F5CD9EC8EB64} = {FF0F1CCA-A03B-49CB-BB10-2F626D94BDD1}
		{6390630D-CE70-49C8-B37A-551A281BB02D} = {FB367212-B78C-446A-B676-FB5ABFC8AA66}
		{CBF96216-0165-4F1E-A7F8-F7ACCFB2A089} = {FB367212-B78C-446A-B676-FB5ABFC8AA66}
		{622FB6B1-D5DE-4E7B-B5A9-D87151320D21} = {FB367212-B78C-446A-B676-FB5ABFC8AA66}
		{87526533-F920-4C6C-BAA4-CA924810E8E8} = {8E64F0C1-1ED2-48F6-8640-5FCFAC966DFE}
		{17BBD20B-F5C1-4A5A-9705-3FC1AA5B1479} = {8E64F0C1-1ED2-48F6-8640-5FCFAC966DFE}
		{7A0D7208-DB90-49C3-8AB5-D757E31EABA9} = {8E64F0C1-1ED2-48F6-8640-5FCFAC966DFE}
		{D3D13D61-7A52-463F-A1E7-E67A140A11FB} = {567C64BD-9DC4-4F00-A769-C3533FCAEC16}
		{1D89DD30-6AC7-4360-AEE6-692E25366F98} = {567C64BD-9DC4-4F00-A769-C3533FCAEC16}
		{663ABD8C-F011-40A8-A853-F4C4C365BB3A} = {567C64BD-9DC4-4F00-A769-C3533FCAEC16}
		{E2228ABE-0984-49BA-921A-0A3CE5B532E7} = {48D521AA-A0FB-407D-A516-DF9A10137343}
		{0112C306-69E3-44ED-8945-6A7A941AD9A8} = {48D521AA-A0FB-407D-A516-DF9A10137343}
		{4CF13248-00C4-49A5-B7C0-D1F00D20EAC5} = {48D521AA-A0FB-407D-A516-DF9A10137343}
		{47E4E670-7536-435E-B684-28E7D1EC8BA1} = {7BC973AF-20B2-4631-B4ED-72B94FE56CE0}
		{5BFCDD91-0BCF-47D1-8483-049BA6BBC7C0} = {7BC973AF-20B2-4631-B4ED-72B94FE56CE0}
		{6F040842-7B0F-45FD-B396-6E04C4044A7E} = {7BC973AF-20B2-4631-B4ED-72B94FE56CE0}
		{B7192333-9222-4FCC-813E-0BF82DD988BB} = {27CCCD99-EAC8-4116-B2D8-93D04A4532CA}
		{D810832B-1C1E-40E3-AE15-9ED4437D2177} = {27CCCD99-EAC8-4116-B2D8-93D04A4532CA}
		{0196C91D-082A-455F-8C05-6AD37A56FF72} = {27CCCD99-EAC8-4116-B2D8-93D04A4532CA}
	EndGlobalSection
	GlobalSection(ExtensibilityGlobals) = postSolution
		SolutionGuid = {848A3205-A8AB-4123-BF5F-5F004A26D347}
	EndGlobalSection
EndGlobal
